
Microsoft Visual Studio Solution File, Format Version 12.00
# Visual Studio Version 17
VisualStudioVersion = 17.14.36518.9 d17.14
MinimumVisualStudioVersion = 10.0.40219.1
Project("{8BC9CEB8-8B4A-11D0-8D11-00A0C91BC942}") = "TaihuStone", "TaihuStone.vcxproj", "{6AC7B4FC-47FC-4701-937A-2D5910DD6A24}"
EndProject
Global
	GlobalSection(SolutionConfigurationPlatforms) = preSolution
		Debug|x64 = Debug|x64
		Debug|x86 = Debug|x86
		Release|x64 = Release|x64
		Release|x86 = Release|x86
	EndGlobalSection
	GlobalSection(ProjectConfigurationPlatforms) = postSolution
		{6AC7B4FC-47FC-4701-937A-2D5910DD6A24}.Debug|x64.ActiveCfg = Debug|x64
		{6AC7B4FC-47FC-4701-937A-2D5910DD6A24}.Debug|x64.Build.0 = Debug|x64
		{6AC7B4FC-47FC-4701-937A-2D5910DD6A24}.Debug|x86.ActiveCfg = Debug|Win32
		{6AC7B4FC-47FC-4701-937A-2D5910DD6A24}.Debug|x86.Build.0 = Debug|Win32
		{6AC7B4FC-47FC-4701-937A-2D5910DD6A24}.Release|x64.ActiveCfg = Release|x64
		{6AC7B4FC-47FC-4701-937A-2D5910DD6A24}.Release|x64.Build.0 = Release|x64
		{6AC7B4FC-47FC-4701-937A-2D5910DD6A24}.Release|x86.ActiveCfg = Release|Win32
		{6AC7B4FC-47FC-4701-937A-2D5910DD6A24}.Release|x86.Build.0 = Release|Win32
	EndGlobalSection
	GlobalSection(SolutionProperties) = preSolution
		HideSolutionNode = FALSE
	EndGlobalSection
	GlobalSection(ExtensibilityGlobals) = postSolution
		SolutionGuid = {63A6D726-8B6F-4CCD-BDDC-9F6EBEE3CD29}
	EndGlobalSection
EndGlobal
